
Microsoft Visual Studio Solution File, Format Version 12.00
# Visual Studio Version 17
VisualStudioVersion = 17.4.33213.308
MinimumVisualStudioVersion = 10.0.40219.1
Project("{FAE04EC0-301F-11D3-BF4B-00C04F79EFBC}") = "Fase2-Aula13Classes", "Fase2-Aula13Classes\Fase2-Aula13Classes.csproj", "{FECA325D-A075-4D1D-9067-F073E5884D78}"
EndProject
Global
	GlobalSection(SolutionConfigurationPlatforms) = preSolution
		Debug|Any CPU = Debug|Any CPU
		Release|Any CPU = Release|Any CPU
	EndGlobalSection
	GlobalSection(ProjectConfigurationPlatforms) = postSolution
		{FECA325D-A075-4D1D-9067-F073E5884D78}.Debug|Any CPU.ActiveCfg = Debug|Any CPU
		{FECA325D-A075-4D1D-9067-F073E5884D78}.Debug|Any CPU.Build.0 = Debug|Any CPU
		{FECA325D-A075-4D1D-9067-F073E5884D78}.Release|Any CPU.ActiveCfg = Release|Any CPU
		{FECA325D-A075-4D1D-9067-F073E5884D78}.Release|Any CPU.Build.0 = Release|Any CPU
	EndGlobalSection
	GlobalSection(SolutionProperties) = preSolution
		HideSolutionNode = FALSE
	EndGlobalSection
	GlobalSection(ExtensibilityGlobals) = postSolution
		SolutionGuid = {F4A342D8-089F-4051-A9F8-526E79CD93DF}
	EndGlobalSection
EndGlobal
